
Microsoft Visual Studio Solution File, Format Version 12.00
# Visual Studio 15
VisualStudioVersion = 15.0.28307.902
MinimumVisualStudioVersion = 10.0.40219.1
Project("{8BC9CEB8-8B4A-11D0-8D11-00A0C91BC942}") = "ToyRenderer", "ToyRenderer.vcxproj", "{FDA92ECA-F20E-4633-8FB2-AB69DF7A8955}"
EndProject
Global
	GlobalSection(SolutionConfigurationPlatforms) = preSolution
		Debug|x86 = Debug|x86
		Release|x86 = Release|x86
	EndGlobalSection
	GlobalSection(ProjectConfigurationPlatforms) = postSolution
		{FDA92ECA-F20E-4633-8FB2-AB69DF7A8955}.Debug|x86.ActiveCfg = Debug|Win32
		{FDA92ECA-F20E-4633-8FB2-AB69DF7A8955}.Debug|x86.Build.0 = Debug|Win32
		{FDA92ECA-F20E-4633-8FB2-AB69DF7A8955}.Release|x86.ActiveCfg = Release|Win32
		{FDA92ECA-F20E-4633-8FB2-AB69DF7A8955}.Release|x86.Build.0 = Release|Win32
	EndGlobalSection
	GlobalSection(SolutionProperties) = preSolution
		HideSolutionNode = FALSE
	EndGlobalSection
	GlobalSection(ExtensibilityGlobals) = postSolution
		SolutionGuid = {0AC7E390-FFDC-46A7-B3E4-59C602054732}
	EndGlobalSection
EndGlobal
