<?xml version="1.0" encoding="utf-8"?>
<Project ToolsVersion="4.0" xmlns="http://schemas.microsoft.com/developer/msbuild/2003">
  <ItemGroup>
    <Filter Include="Components">
      <UniqueIdentifier>{6B7DD516-5735-1764-C03C-F0BFAC13B254}</UniqueIdentifier>
    </Filter>
    <Filter Include="Components\Scripts">
      <UniqueIdentifier>{A29F76D3-8E83-3729-F7E3-317CE3E621AB}</UniqueIdentifier>
    </Filter>
    <Filter Include="Components\Scripts\postProcesses">
      <UniqueIdentifier>{EE97AFD6-DAE8-9A18-034D-89DAEFFC2D82}</UniqueIdentifier>
    </Filter>
    <Filter Include="Tests">
      <UniqueIdentifier>{5865280E-C479-50BF-8DFB-F31EF9CE4CF0}</UniqueIdentifier>
    </Filter>
    <Filter Include="importAPI">
      <UniqueIdentifier>{9A5EE509-06C9-9980-4F07-4B26BBB077D5}</UniqueIdentifier>
    </Filter>
    <Filter Include="log">
      <UniqueIdentifier>{078D880B-7396-887C-FC11-9F7C681A947C}</UniqueIdentifier>
    </Filter>
    <Filter Include="managers">
      <UniqueIdentifier>{D3E83846-BFB5-9351-E8CE-81F9D4FAC8DF}</UniqueIdentifier>
    </Filter>
    <Filter Include="managers\input">
      <UniqueIdentifier>{32BBD3BE-1E89-C7C4-071D-38EBF389A329}</UniqueIdentifier>
    </Filter>
    <Filter Include="maths">
      <UniqueIdentifier>{229BEA0F-8EAF-12C1-5731-B620C3040FF2}</UniqueIdentifier>
    </Filter>
    <Filter Include="rendering">
      <UniqueIdentifier>{03CFAD0B-6F39-6282-B877-1328242140D7}</UniqueIdentifier>
    </Filter>
    <Filter Include="rendering\Mesh">
      <UniqueIdentifier>{9F1E2546-8BEC-184C-7480-897260EDF4B0}</UniqueIdentifier>
    </Filter>
    <Filter Include="rendering\RHI">
      <UniqueIdentifier>{B5C44EBC-2185-CAF2-EABF-1370563F0FCF}</UniqueIdentifier>
    </Filter>
    <Filter Include="system">
      <UniqueIdentifier>{8AE4EE1C-7686-19F3-5F41-2D474B82A043}</UniqueIdentifier>
    </Filter>
    <Filter Include="vendor">
      <UniqueIdentifier>{B3738122-9F15-ACF8-88D0-BF4C74113349}</UniqueIdentifier>
    </Filter>
    <Filter Include="vendor\GL">
      <UniqueIdentifier>{358C53DE-A1F6-0755-EA34-B9FA56DEE5A9}</UniqueIdentifier>
    </Filter>
    <Filter Include="vendor\GLFW">
      <UniqueIdentifier>{D27667C1-3E2C-E0B6-C720-DA8D33D5D6BA}</UniqueIdentifier>
    </Filter>
    <Filter Include="vendor\glm">
      <UniqueIdentifier>{829FC5A8-6E57-07F6-D75E-E051C335A2E6}</UniqueIdentifier>
    </Filter>
    <Filter Include="vendor\glm\detail">
      <UniqueIdentifier>{04D16468-70E7-62FE-B95E-EE1F25B43386}</UniqueIdentifier>
    </Filter>
    <Filter Include="vendor\glm\ext">
      <UniqueIdentifier>{E213C9C9-CEE1-BCCF-B775-2DF6A3E29834}</UniqueIdentifier>
    </Filter>
    <Filter Include="vendor\glm\gtc">
      <UniqueIdentifier>{CF1BC9C9-BBE9-BCCF-A47D-2DF690EA9834}</UniqueIdentifier>
    </Filter>
    <Filter Include="vendor\glm\gtx">
      <UniqueIdentifier>{E41BC9C9-D0E9-BCCF-B97D-2DF6A5EA9834}</UniqueIdentifier>
    </Filter>
    <Filter Include="vendor\glm\simd">
      <UniqueIdentifier>{1EFDF202-8A88-60C7-9399-E3BBFFA3BCC7}</UniqueIdentifier>
    </Filter>
    <Filter Include="vendor\imgui">
      <UniqueIdentifier>{5D3BD0F0-499E-5F95-F223-984BDE652B18}</UniqueIdentifier>
    </Filter>
    <Filter Include="vendor\meshReader">
      <UniqueIdentifier>{C26A78D4-2E81-766A-77F8-018CE34D47F2}</UniqueIdentifier>
    </Filter>
    <Filter Include="vendor\soloud">
      <UniqueIdentifier>{98145222-04D5-CD58-CD0F-17D6398F1235}</UniqueIdentifier>
    </Filter>
    <Filter Include="vendor\spdlog">
      <UniqueIdentifier>{8BBC5F22-F77C-DB58-C0B7-24D62C372035}</UniqueIdentifier>
    </Filter>
    <Filter Include="vendor\spdlog\cfg">
      <UniqueIdentifier>{8A82CC8D-F698-CA23-3F10-5645AB659BAB}</UniqueIdentifier>
    </Filter>
    <Filter Include="vendor\spdlog\details">
      <UniqueIdentifier>{0008C619-6C74-8114-3568-1972A193A37C}</UniqueIdentifier>
    </Filter>
    <Filter Include="vendor\spdlog\fmt">
      <UniqueIdentifier>{4190CC8D-ADA6-CA23-F61D-564562739BAB}</UniqueIdentifier>
    </Filter>
    <Filter Include="vendor\spdlog\fmt\bundled">
      <UniqueIdentifier>{2E60C11D-9A22-F5A7-E3D2-83344FD4CD85}</UniqueIdentifier>
    </Filter>
    <Filter Include="vendor\spdlog\sinks">
      <UniqueIdentifier>{42A61A34-AE07-F841-3775-3EF4A3D52E01}</UniqueIdentifier>
    </Filter>
    <Filter Include="vendor\stb_image">
      <UniqueIdentifier>{0DA0BA59-F998-D9AB-22CB-BE300E23B9B7}</UniqueIdentifier>
    </Filter>
    <Filter Include="world">
      <UniqueIdentifier>{6D35A710-D949-CFC1-A2CB-72210E9FCBF2}</UniqueIdentifier>
    </Filter>
  </ItemGroup>
  <ItemGroup>
    <ClInclude Include="src\Components\Camera.h">
      <Filter>Components</Filter>
    </ClInclude>
    <ClInclude Include="src\Components\Component.h">
      <Filter>Components</Filter>
    </ClInclude>
    <ClInclude Include="src\Components\ProceduralSkyBox.h">
      <Filter>Components</Filter>
    </ClInclude>
    <ClInclude Include="src\Components\Scripts\MoveCamera.h">
      <Filter>Components\Scripts</Filter>
    </ClInclude>
    <ClInclude Include="src\Components\Scripts\Script.h">
      <Filter>Components\Scripts</Filter>
    </ClInclude>
    <ClInclude Include="src\Components\Scripts\postProcesses\Vignetting.h">
      <Filter>Components\Scripts\postProcesses</Filter>
    </ClInclude>
    <ClInclude Include="src\Components\Transform.h">
      <Filter>Components</Filter>
    </ClInclude>
    <ClInclude Include="src\Core.h" />
    <ClInclude Include="src\EntryPoint.h" />
    <ClInclude Include="src\Tests\Test.h">
      <Filter>Tests</Filter>
    </ClInclude>
    <ClInclude Include="src\Tests\TestClearColor.h">
      <Filter>Tests</Filter>
    </ClInclude>
    <ClInclude Include="src\Tests\TestObjLoader.h">
      <Filter>Tests</Filter>
    </ClInclude>
    <ClInclude Include="src\Tests\TestTexture2D.h">
      <Filter>Tests</Filter>
    </ClInclude>
    <ClInclude Include="src\ToyRenderer.h" />
    <ClInclude Include="src\ToyRendererApp.h" />
    <ClInclude Include="src\importAPI\MeshLoader.h">
      <Filter>importAPI</Filter>
    </ClInclude>
    <ClInclude Include="src\log\Log.h">
      <Filter>log</Filter>
    </ClInclude>
    <ClInclude Include="src\managers\ResourceManager.h">
      <Filter>managers</Filter>
    </ClInclude>
    <ClInclude Include="src\managers\Settings.h">
      <Filter>managers</Filter>
    </ClInclude>
    <ClInclude Include="src\managers\ShaderAssembly.h">
      <Filter>managers</Filter>
    </ClInclude>
    <ClInclude Include="src\managers\ShaderOven.h">
      <Filter>managers</Filter>
    </ClInclude>
    <ClInclude Include="src\managers\input\InputMapping.h">
      <Filter>managers\input</Filter>
    </ClInclude>
    <ClInclude Include="src\managers\input\InputMaster.h">
      <Filter>managers\input</Filter>
    </ClInclude>
    <ClInclude Include="src\maths\Color.h">
      <Filter>maths</Filter>
    </ClInclude>
    <ClInclude Include="src\maths\Matrix4x4.h">
      <Filter>maths</Filter>
    </ClInclude>
    <ClInclude Include="src\maths\Vector2.h">
      <Filter>maths</Filter>
    </ClInclude>
    <ClInclude Include="src\maths\Vector3.h">
      <Filter>maths</Filter>
    </ClInclude>
    <ClInclude Include="src\maths\Vector4.h">
      <Filter>maths</Filter>
    </ClInclude>
    <ClInclude Include="src\rendering\Bounds.h">
      <Filter>rendering</Filter>
    </ClInclude>
    <ClInclude Include="src\rendering\FrameBuffer.h">
      <Filter>rendering</Filter>
    </ClInclude>
    <ClInclude Include="src\rendering\Graphics.h">
      <Filter>rendering</Filter>
    </ClInclude>
    <ClInclude Include="src\rendering\IndexBuffer.h">
      <Filter>rendering</Filter>
    </ClInclude>
    <ClInclude Include="src\rendering\Material.h">
      <Filter>rendering</Filter>
    </ClInclude>
    <ClInclude Include="src\rendering\Mesh\Mesh.h">
      <Filter>rendering\Mesh</Filter>
    </ClInclude>
    <ClInclude Include="src\rendering\Mesh\PrimitiveFactory.h">
      <Filter>rendering\Mesh</Filter>
    </ClInclude>
    <ClInclude Include="src\rendering\MeshRenderer.h">
      <Filter>rendering</Filter>
    </ClInclude>
    <ClInclude Include="src\rendering\PostProcess.h">
      <Filter>rendering</Filter>
    </ClInclude>
    <ClInclude Include="src\rendering\RHI\RHI.h">
      <Filter>rendering\RHI</Filter>
    </ClInclude>
    <ClInclude Include="src\rendering\RHI\RenderingPipelineTypes.h">
      <Filter>rendering\RHI</Filter>
    </ClInclude>
    <ClInclude Include="src\rendering\RHI\RenderingSettingTypes.h">
      <Filter>rendering\RHI</Filter>
    </ClInclude>
    <ClInclude Include="src\rendering\RawMesh.h">
      <Filter>rendering</Filter>
    </ClInclude>
    <ClInclude Include="src\rendering\RenderBuffer.h">
      <Filter>rendering</Filter>
    </ClInclude>
    <ClInclude Include="src\rendering\Renderer.h">
      <Filter>rendering</Filter>
    </ClInclude>
    <ClInclude Include="src\rendering\Shader.h">
      <Filter>rendering</Filter>
    </ClInclude>
    <ClInclude Include="src\rendering\Texture.h">
      <Filter>rendering</Filter>
    </ClInclude>
    <ClInclude Include="src\rendering\VertexArray.h">
      <Filter>rendering</Filter>
    </ClInclude>
    <ClInclude Include="src\rendering\VertexBuffer.h">
      <Filter>rendering</Filter>
    </ClInclude>
    <ClInclude Include="src\rendering\VertexBufferLayout.h">
      <Filter>rendering</Filter>
    </ClInclude>
    <ClInclude Include="src\system\File.h">
      <Filter>system</Filter>
    </ClInclude>
    <ClInclude Include="src\system\Window.h">
      <Filter>system</Filter>
    </ClInclude>
    <ClInclude Include="src\vendor\GL\eglew.h">
      <Filter>vendor\GL</Filter>
    </ClInclude>
    <ClInclude Include="src\vendor\GL\glew.h">
      <Filter>vendor\GL</Filter>
    </ClInclude>
    <ClInclude Include="src\vendor\GL\glxew.h">
      <Filter>vendor\GL</Filter>
    </ClInclude>
    <ClInclude Include="src\vendor\GL\wglew.h">
      <Filter>vendor\GL</Filter>
    </ClInclude>
    <ClInclude Include="src\vendor\GLFW\glfw3.h">
      <Filter>vendor\GLFW</Filter>
    </ClInclude>
    <ClInclude Include="src\vendor\GLFW\glfw3native.h">
      <Filter>vendor\GLFW</Filter>
    </ClInclude>
    <ClInclude Include="src\vendor\glm\common.hpp">
      <Filter>vendor\glm</Filter>
    </ClInclude>
    <ClInclude Include="src\vendor\glm\detail\_features.hpp">
      <Filter>vendor\glm\detail</Filter>
    </ClInclude>
    <ClInclude Include="src\vendor\glm\detail\_fixes.hpp">
      <Filter>vendor\glm\detail</Filter>
    </ClInclude>
    <ClInclude Include="src\vendor\glm\detail\_noise.hpp">
      <Filter>vendor\glm\detail</Filter>
    </ClInclude>
    <ClInclude Include="src\vendor\glm\detail\_swizzle.hpp">
      <Filter>vendor\glm\detail</Filter>
    </ClInclude>
    <ClInclude Include="src\vendor\glm\detail\_swizzle_func.hpp">
      <Filter>vendor\glm\detail</Filter>
    </ClInclude>
    <ClInclude Include="src\vendor\glm\detail\_vectorize.hpp">
      <Filter>vendor\glm\detail</Filter>
    </ClInclude>
    <ClInclude Include="src\vendor\glm\detail\compute_common.hpp">
      <Filter>vendor\glm\detail</Filter>
    </ClInclude>
    <ClInclude Include="src\vendor\glm\detail\compute_vector_relational.hpp">
      <Filter>vendor\glm\detail</Filter>
    </ClInclude>
    <ClInclude Include="src\vendor\glm\detail\func_common.inl">
      <Filter>vendor\glm\detail</Filter>
    </ClInclude>
    <ClInclude Include="src\vendor\glm\detail\func_common_simd.inl">
      <Filter>vendor\glm\detail</Filter>
    </ClInclude>
    <ClInclude Include="src\vendor\glm\detail\func_exponential.inl">
      <Filter>vendor\glm\detail</Filter>
    </ClInclude>
    <ClInclude Include="src\vendor\glm\detail\func_exponential_simd.inl">
      <Filter>vendor\glm\detail</Filter>
    </ClInclude>
    <ClInclude Include="src\vendor\glm\detail\func_geometric.inl">
      <Filter>vendor\glm\detail</Filter>
    </ClInclude>
    <ClInclude Include="src\vendor\glm\detail\func_geometric_simd.inl">
      <Filter>vendor\glm\detail</Filter>
    </ClInclude>
    <ClInclude Include="src\vendor\glm\detail\func_integer.inl">
      <Filter>vendor\glm\detail</Filter>
    </ClInclude>
    <ClInclude Include="src\vendor\glm\detail\func_integer_simd.inl">
      <Filter>vendor\glm\detail</Filter>
    </ClInclude>
    <ClInclude Include="src\vendor\glm\detail\func_matrix.inl">
      <Filter>vendor\glm\detail</Filter>
    </ClInclude>
    <ClInclude Include="src\vendor\glm\detail\func_matrix_simd.inl">
      <Filter>vendor\glm\detail</Filter>
    </ClInclude>
    <ClInclude Include="src\vendor\glm\detail\func_packing.inl">
      <Filter>vendor\glm\detail</Filter>
    </ClInclude>
    <ClInclude Include="src\vendor\glm\detail\func_packing_simd.inl">
      <Filter>vendor\glm\detail</Filter>
    </ClInclude>
    <ClInclude Include="src\vendor\glm\detail\func_trigonometric.inl">
      <Filter>vendor\glm\detail</Filter>
    </ClInclude>
    <ClInclude Include="src\vendor\glm\detail\func_trigonometric_simd.inl">
      <Filter>vendor\glm\detail</Filter>
    </ClInclude>
    <ClInclude Include="src\vendor\glm\detail\func_vector_relational.inl">
      <Filter>vendor\glm\detail</Filter>
    </ClInclude>
    <ClInclude Include="src\vendor\glm\detail\func_vector_relational_simd.inl">
      <Filter>vendor\glm\detail</Filter>
    </ClInclude>
    <ClInclude Include="src\vendor\glm\detail\qualifier.hpp">
      <Filter>vendor\glm\detail</Filter>
    </ClInclude>
    <ClInclude Include="src\vendor\glm\detail\setup.hpp">
      <Filter>vendor\glm\detail</Filter>
    </ClInclude>
    <ClInclude Include="src\vendor\glm\detail\type_float.hpp">
      <Filter>vendor\glm\detail</Filter>
    </ClInclude>
    <ClInclude Include="src\vendor\glm\detail\type_half.hpp">
      <Filter>vendor\glm\detail</Filter>
    </ClInclude>
    <ClInclude Include="src\vendor\glm\detail\type_half.inl">
      <Filter>vendor\glm\detail</Filter>
    </ClInclude>
    <ClInclude Include="src\vendor\glm\detail\type_mat2x2.hpp">
      <Filter>vendor\glm\detail</Filter>
    </ClInclude>
    <ClInclude Include="src\vendor\glm\detail\type_mat2x2.inl">
      <Filter>vendor\glm\detail</Filter>
    </ClInclude>
    <ClInclude Include="src\vendor\glm\detail\type_mat2x3.hpp">
      <Filter>vendor\glm\detail</Filter>
    </ClInclude>
    <ClInclude Include="src\vendor\glm\detail\type_mat2x3.inl">
      <Filter>vendor\glm\detail</Filter>
    </ClInclude>
    <ClInclude Include="src\vendor\glm\detail\type_mat2x4.hpp">
      <Filter>vendor\glm\detail</Filter>
    </ClInclude>
    <ClInclude Include="src\vendor\glm\detail\type_mat2x4.inl">
      <Filter>vendor\glm\detail</Filter>
    </ClInclude>
    <ClInclude Include="src\vendor\glm\detail\type_mat3x2.hpp">
      <Filter>vendor\glm\detail</Filter>
    </ClInclude>
    <ClInclude Include="src\vendor\glm\detail\type_mat3x2.inl">
      <Filter>vendor\glm\detail</Filter>
    </ClInclude>
    <ClInclude Include="src\vendor\glm\detail\type_mat3x3.hpp">
      <Filter>vendor\glm\detail</Filter>
    </ClInclude>
    <ClInclude Include="src\vendor\glm\detail\type_mat3x3.inl">
      <Filter>vendor\glm\detail</Filter>
    </ClInclude>
    <ClInclude Include="src\vendor\glm\detail\type_mat3x4.hpp">
      <Filter>vendor\glm\detail</Filter>
    </ClInclude>
    <ClInclude Include="src\vendor\glm\detail\type_mat3x4.inl">
      <Filter>vendor\glm\detail</Filter>
    </ClInclude>
    <ClInclude Include="src\vendor\glm\detail\type_mat4x2.hpp">
      <Filter>vendor\glm\detail</Filter>
    </ClInclude>
    <ClInclude Include="src\vendor\glm\detail\type_mat4x2.inl">
      <Filter>vendor\glm\detail</Filter>
    </ClInclude>
    <ClInclude Include="src\vendor\glm\detail\type_mat4x3.hpp">
      <Filter>vendor\glm\detail</Filter>
    </ClInclude>
    <ClInclude Include="src\vendor\glm\detail\type_mat4x3.inl">
      <Filter>vendor\glm\detail</Filter>
    </ClInclude>
    <ClInclude Include="src\vendor\glm\detail\type_mat4x4.hpp">
      <Filter>vendor\glm\detail</Filter>
    </ClInclude>
    <ClInclude Include="src\vendor\glm\detail\type_mat4x4.inl">
      <Filter>vendor\glm\detail</Filter>
    </ClInclude>
    <ClInclude Include="src\vendor\glm\detail\type_mat4x4_simd.inl">
      <Filter>vendor\glm\detail</Filter>
    </ClInclude>
    <ClInclude Include="src\vendor\glm\detail\type_quat.hpp">
      <Filter>vendor\glm\detail</Filter>
    </ClInclude>
    <ClInclude Include="src\vendor\glm\detail\type_quat.inl">
      <Filter>vendor\glm\detail</Filter>
    </ClInclude>
    <ClInclude Include="src\vendor\glm\detail\type_quat_simd.inl">
      <Filter>vendor\glm\detail</Filter>
    </ClInclude>
    <ClInclude Include="src\vendor\glm\detail\type_vec1.hpp">
      <Filter>vendor\glm\detail</Filter>
    </ClInclude>
    <ClInclude Include="src\vendor\glm\detail\type_vec1.inl">
      <Filter>vendor\glm\detail</Filter>
    </ClInclude>
    <ClInclude Include="src\vendor\glm\detail\type_vec2.hpp">
      <Filter>vendor\glm\detail</Filter>
    </ClInclude>
    <ClInclude Include="src\vendor\glm\detail\type_vec2.inl">
      <Filter>vendor\glm\detail</Filter>
    </ClInclude>
    <ClInclude Include="src\vendor\glm\detail\type_vec3.hpp">
      <Filter>vendor\glm\detail</Filter>
    </ClInclude>
    <ClInclude Include="src\vendor\glm\detail\type_vec3.inl">
      <Filter>vendor\glm\detail</Filter>
    </ClInclude>
    <ClInclude Include="src\vendor\glm\detail\type_vec4.hpp">
      <Filter>vendor\glm\detail</Filter>
    </ClInclude>
    <ClInclude Include="src\vendor\glm\detail\type_vec4.inl">
      <Filter>vendor\glm\detail</Filter>
    </ClInclude>
    <ClInclude Include="src\vendor\glm\detail\type_vec4_simd.inl">
      <Filter>vendor\glm\detail</Filter>
    </ClInclude>
    <ClInclude Include="src\vendor\glm\exponential.hpp">
      <Filter>vendor\glm</Filter>
    </ClInclude>
    <ClInclude Include="src\vendor\glm\ext.hpp">
      <Filter>vendor\glm</Filter>
    </ClInclude>
    <ClInclude Include="src\vendor\glm\ext\matrix_clip_space.hpp">
      <Filter>vendor\glm\ext</Filter>
    </ClInclude>
    <ClInclude Include="src\vendor\glm\ext\matrix_clip_space.inl">
      <Filter>vendor\glm\ext</Filter>
    </ClInclude>
    <ClInclude Include="src\vendor\glm\ext\matrix_common.hpp">
      <Filter>vendor\glm\ext</Filter>
    </ClInclude>
    <ClInclude Include="src\vendor\glm\ext\matrix_common.inl">
      <Filter>vendor\glm\ext</Filter>
    </ClInclude>
    <ClInclude Include="src\vendor\glm\ext\matrix_double2x2.hpp">
      <Filter>vendor\glm\ext</Filter>
    </ClInclude>
    <ClInclude Include="src\vendor\glm\ext\matrix_double2x2_precision.hpp">
      <Filter>vendor\glm\ext</Filter>
    </ClInclude>
    <ClInclude Include="src\vendor\glm\ext\matrix_double2x3.hpp">
      <Filter>vendor\glm\ext</Filter>
    </ClInclude>
    <ClInclude Include="src\vendor\glm\ext\matrix_double2x3_precision.hpp">
      <Filter>vendor\glm\ext</Filter>
    </ClInclude>
    <ClInclude Include="src\vendor\glm\ext\matrix_double2x4.hpp">
      <Filter>vendor\glm\ext</Filter>
    </ClInclude>
    <ClInclude Include="src\vendor\glm\ext\matrix_double2x4_precision.hpp">
      <Filter>vendor\glm\ext</Filter>
    </ClInclude>
    <ClInclude Include="src\vendor\glm\ext\matrix_double3x2.hpp">
      <Filter>vendor\glm\ext</Filter>
    </ClInclude>
    <ClInclude Include="src\vendor\glm\ext\matrix_double3x2_precision.hpp">
      <Filter>vendor\glm\ext</Filter>
    </ClInclude>
    <ClInclude Include="src\vendor\glm\ext\matrix_double3x3.hpp">
      <Filter>vendor\glm\ext</Filter>
    </ClInclude>
    <ClInclude Include="src\vendor\glm\ext\matrix_double3x3_precision.hpp">
      <Filter>vendor\glm\ext</Filter>
    </ClInclude>
    <ClInclude Include="src\vendor\glm\ext\matrix_double3x4.hpp">
      <Filter>vendor\glm\ext</Filter>
    </ClInclude>
    <ClInclude Include="src\vendor\glm\ext\matrix_double3x4_precision.hpp">
      <Filter>vendor\glm\ext</Filter>
    </ClInclude>
    <ClInclude Include="src\vendor\glm\ext\matrix_double4x2.hpp">
      <Filter>vendor\glm\ext</Filter>
    </ClInclude>
    <ClInclude Include="src\vendor\glm\ext\matrix_double4x2_precision.hpp">
      <Filter>vendor\glm\ext</Filter>
    </ClInclude>
    <ClInclude Include="src\vendor\glm\ext\matrix_double4x3.hpp">
      <Filter>vendor\glm\ext</Filter>
    </ClInclude>
    <ClInclude Include="src\vendor\glm\ext\matrix_double4x3_precision.hpp">
      <Filter>vendor\glm\ext</Filter>
    </ClInclude>
    <ClInclude Include="src\vendor\glm\ext\matrix_double4x4.hpp">
      <Filter>vendor\glm\ext</Filter>
    </ClInclude>
    <ClInclude Include="src\vendor\glm\ext\matrix_double4x4_precision.hpp">
      <Filter>vendor\glm\ext</Filter>
    </ClInclude>
    <ClInclude Include="src\vendor\glm\ext\matrix_float2x2.hpp">
      <Filter>vendor\glm\ext</Filter>
    </ClInclude>
    <ClInclude Include="src\vendor\glm\ext\matrix_float2x2_precision.hpp">
      <Filter>vendor\glm\ext</Filter>
    </ClInclude>
    <ClInclude Include="src\vendor\glm\ext\matrix_float2x3.hpp">
      <Filter>vendor\glm\ext</Filter>
    </ClInclude>
    <ClInclude Include="src\vendor\glm\ext\matrix_float2x3_precision.hpp">
      <Filter>vendor\glm\ext</Filter>
    </ClInclude>
    <ClInclude Include="src\vendor\glm\ext\matrix_float2x4.hpp">
      <Filter>vendor\glm\ext</Filter>
    </ClInclude>
    <ClInclude Include="src\vendor\glm\ext\matrix_float2x4_precision.hpp">
      <Filter>vendor\glm\ext</Filter>
    </ClInclude>
    <ClInclude Include="src\vendor\glm\ext\matrix_float3x2.hpp">
      <Filter>vendor\glm\ext</Filter>
    </ClInclude>
    <ClInclude Include="src\vendor\glm\ext\matrix_float3x2_precision.hpp">
      <Filter>vendor\glm\ext</Filter>
    </ClInclude>
    <ClInclude Include="src\vendor\glm\ext\matrix_float3x3.hpp">
      <Filter>vendor\glm\ext</Filter>
    </ClInclude>
    <ClInclude Include="src\vendor\glm\ext\matrix_float3x3_precision.hpp">
      <Filter>vendor\glm\ext</Filter>
    </ClInclude>
    <ClInclude Include="src\vendor\glm\ext\matrix_float3x4.hpp">
      <Filter>vendor\glm\ext</Filter>
    </ClInclude>
    <ClInclude Include="src\vendor\glm\ext\matrix_float3x4_precision.hpp">
      <Filter>vendor\glm\ext</Filter>
    </ClInclude>
    <ClInclude Include="src\vendor\glm\ext\matrix_float4x2.hpp">
      <Filter>vendor\glm\ext</Filter>
    </ClInclude>
    <ClInclude Include="src\vendor\glm\ext\matrix_float4x2_precision.hpp">
      <Filter>vendor\glm\ext</Filter>
    </ClInclude>
    <ClInclude Include="src\vendor\glm\ext\matrix_float4x3.hpp">
      <Filter>vendor\glm\ext</Filter>
    </ClInclude>
    <ClInclude Include="src\vendor\glm\ext\matrix_float4x3_precision.hpp">
      <Filter>vendor\glm\ext</Filter>
    </ClInclude>
    <ClInclude Include="src\vendor\glm\ext\matrix_float4x4.hpp">
      <Filter>vendor\glm\ext</Filter>
    </ClInclude>
    <ClInclude Include="src\vendor\glm\ext\matrix_float4x4_precision.hpp">
      <Filter>vendor\glm\ext</Filter>
    </ClInclude>
    <ClInclude Include="src\vendor\glm\ext\matrix_projection.hpp">
      <Filter>vendor\glm\ext</Filter>
    </ClInclude>
    <ClInclude Include="src\vendor\glm\ext\matrix_projection.inl">
      <Filter>vendor\glm\ext</Filter>
    </ClInclude>
    <ClInclude Include="src\vendor\glm\ext\matrix_relational.hpp">
      <Filter>vendor\glm\ext</Filter>
    </ClInclude>
    <ClInclude Include="src\vendor\glm\ext\matrix_relational.inl">
      <Filter>vendor\glm\ext</Filter>
    </ClInclude>
    <ClInclude Include="src\vendor\glm\ext\matrix_transform.hpp">
      <Filter>vendor\glm\ext</Filter>
    </ClInclude>
    <ClInclude Include="src\vendor\glm\ext\matrix_transform.inl">
      <Filter>vendor\glm\ext</Filter>
    </ClInclude>
    <ClInclude Include="src\vendor\glm\ext\quaternion_common.hpp">
      <Filter>vendor\glm\ext</Filter>
    </ClInclude>
    <ClInclude Include="src\vendor\glm\ext\quaternion_common.inl">
      <Filter>vendor\glm\ext</Filter>
    </ClInclude>
    <ClInclude Include="src\vendor\glm\ext\quaternion_common_simd.inl">
      <Filter>vendor\glm\ext</Filter>
    </ClInclude>
    <ClInclude Include="src\vendor\glm\ext\quaternion_double.hpp">
      <Filter>vendor\glm\ext</Filter>
    </ClInclude>
    <ClInclude Include="src\vendor\glm\ext\quaternion_double_precision.hpp">
      <Filter>vendor\glm\ext</Filter>
    </ClInclude>
    <ClInclude Include="src\vendor\glm\ext\quaternion_exponential.hpp">
      <Filter>vendor\glm\ext</Filter>
    </ClInclude>
    <ClInclude Include="src\vendor\glm\ext\quaternion_exponential.inl">
      <Filter>vendor\glm\ext</Filter>
    </ClInclude>
    <ClInclude Include="src\vendor\glm\ext\quaternion_float.hpp">
      <Filter>vendor\glm\ext</Filter>
    </ClInclude>
    <ClInclude Include="src\vendor\glm\ext\quaternion_float_precision.hpp">
      <Filter>vendor\glm\ext</Filter>
    </ClInclude>
    <ClInclude Include="src\vendor\glm\ext\quaternion_geometric.hpp">
      <Filter>vendor\glm\ext</Filter>
    </ClInclude>
    <ClInclude Include="src\vendor\glm\ext\quaternion_geometric.inl">
      <Filter>vendor\glm\ext</Filter>
    </ClInclude>
    <ClInclude Include="src\vendor\glm\ext\quaternion_relational.hpp">
      <Filter>vendor\glm\ext</Filter>
    </ClInclude>
    <ClInclude Include="src\vendor\glm\ext\quaternion_relational.inl">
      <Filter>vendor\glm\ext</Filter>
    </ClInclude>
    <ClInclude Include="src\vendor\glm\ext\quaternion_transform.hpp">
      <Filter>vendor\glm\ext</Filter>
    </ClInclude>
    <ClInclude Include="src\vendor\glm\ext\quaternion_transform.inl">
      <Filter>vendor\glm\ext</Filter>
    </ClInclude>
    <ClInclude Include="src\vendor\glm\ext\quaternion_trigonometric.hpp">
      <Filter>vendor\glm\ext</Filter>
    </ClInclude>
    <ClInclude Include="src\vendor\glm\ext\quaternion_trigonometric.inl">
      <Filter>vendor\glm\ext</Filter>
    </ClInclude>
    <ClInclude Include="src\vendor\glm\ext\scalar_common.hpp">
      <Filter>vendor\glm\ext</Filter>
    </ClInclude>
    <ClInclude Include="src\vendor\glm\ext\scalar_common.inl">
      <Filter>vendor\glm\ext</Filter>
    </ClInclude>
    <ClInclude Include="src\vendor\glm\ext\scalar_constants.hpp">
      <Filter>vendor\glm\ext</Filter>
    </ClInclude>
    <ClInclude Include="src\vendor\glm\ext\scalar_constants.inl">
      <Filter>vendor\glm\ext</Filter>
    </ClInclude>
    <ClInclude Include="src\vendor\glm\ext\scalar_int_sized.hpp">
      <Filter>vendor\glm\ext</Filter>
    </ClInclude>
    <ClInclude Include="src\vendor\glm\ext\scalar_integer.hpp">
      <Filter>vendor\glm\ext</Filter>
    </ClInclude>
    <ClInclude Include="src\vendor\glm\ext\scalar_integer.inl">
      <Filter>vendor\glm\ext</Filter>
    </ClInclude>
    <ClInclude Include="src\vendor\glm\ext\scalar_relational.hpp">
      <Filter>vendor\glm\ext</Filter>
    </ClInclude>
    <ClInclude Include="src\vendor\glm\ext\scalar_relational.inl">
      <Filter>vendor\glm\ext</Filter>
    </ClInclude>
    <ClInclude Include="src\vendor\glm\ext\scalar_uint_sized.hpp">
      <Filter>vendor\glm\ext</Filter>
    </ClInclude>
    <ClInclude Include="src\vendor\glm\ext\scalar_ulp.hpp">
      <Filter>vendor\glm\ext</Filter>
    </ClInclude>
    <ClInclude Include="src\vendor\glm\ext\scalar_ulp.inl">
      <Filter>vendor\glm\ext</Filter>
    </ClInclude>
    <ClInclude Include="src\vendor\glm\ext\vector_bool1.hpp">
      <Filter>vendor\glm\ext</Filter>
    </ClInclude>
    <ClInclude Include="src\vendor\glm\ext\vector_bool1_precision.hpp">
      <Filter>vendor\glm\ext</Filter>
    </ClInclude>
    <ClInclude Include="src\vendor\glm\ext\vector_bool2.hpp">
      <Filter>vendor\glm\ext</Filter>
    </ClInclude>
    <ClInclude Include="src\vendor\glm\ext\vector_bool2_precision.hpp">
      <Filter>vendor\glm\ext</Filter>
    </ClInclude>
    <ClInclude Include="src\vendor\glm\ext\vector_bool3.hpp">
      <Filter>vendor\glm\ext</Filter>
    </ClInclude>
    <ClInclude Include="src\vendor\glm\ext\vector_bool3_precision.hpp">
      <Filter>vendor\glm\ext</Filter>
    </ClInclude>
    <ClInclude Include="src\vendor\glm\ext\vector_bool4.hpp">
      <Filter>vendor\glm\ext</Filter>
    </ClInclude>
    <ClInclude Include="src\vendor\glm\ext\vector_bool4_precision.hpp">
      <Filter>vendor\glm\ext</Filter>
    </ClInclude>
    <ClInclude Include="src\vendor\glm\ext\vector_common.hpp">
      <Filter>vendor\glm\ext</Filter>
    </ClInclude>
    <ClInclude Include="src\vendor\glm\ext\vector_common.inl">
      <Filter>vendor\glm\ext</Filter>
    </ClInclude>
    <ClInclude Include="src\vendor\glm\ext\vector_double1.hpp">
      <Filter>vendor\glm\ext</Filter>
    </ClInclude>
    <ClInclude Include="src\vendor\glm\ext\vector_double1_precision.hpp">
      <Filter>vendor\glm\ext</Filter>
    </ClInclude>
    <ClInclude Include="src\vendor\glm\ext\vector_double2.hpp">
      <Filter>vendor\glm\ext</Filter>
    </ClInclude>
    <ClInclude Include="src\vendor\glm\ext\vector_double2_precision.hpp">
      <Filter>vendor\glm\ext</Filter>
    </ClInclude>
    <ClInclude Include="src\vendor\glm\ext\vector_double3.hpp">
      <Filter>vendor\glm\ext</Filter>
    </ClInclude>
    <ClInclude Include="src\vendor\glm\ext\vector_double3_precision.hpp">
      <Filter>vendor\glm\ext</Filter>
    </ClInclude>
    <ClInclude Include="src\vendor\glm\ext\vector_double4.hpp">
      <Filter>vendor\glm\ext</Filter>
    </ClInclude>
    <ClInclude Include="src\vendor\glm\ext\vector_double4_precision.hpp">
      <Filter>vendor\glm\ext</Filter>
    </ClInclude>
    <ClInclude Include="src\vendor\glm\ext\vector_float1.hpp">
      <Filter>vendor\glm\ext</Filter>
    </ClInclude>
    <ClInclude Include="src\vendor\glm\ext\vector_float1_precision.hpp">
      <Filter>vendor\glm\ext</Filter>
    </ClInclude>
    <ClInclude Include="src\vendor\glm\ext\vector_float2.hpp">
      <Filter>vendor\glm\ext</Filter>
    </ClInclude>
    <ClInclude Include="src\vendor\glm\ext\vector_float2_precision.hpp">
      <Filter>vendor\glm\ext</Filter>
    </ClInclude>
    <ClInclude Include="src\vendor\glm\ext\vector_float3.hpp">
      <Filter>vendor\glm\ext</Filter>
    </ClInclude>
    <ClInclude Include="src\vendor\glm\ext\vector_float3_precision.hpp">
      <Filter>vendor\glm\ext</Filter>
    </ClInclude>
    <ClInclude Include="src\vendor\glm\ext\vector_float4.hpp">
      <Filter>vendor\glm\ext</Filter>
    </ClInclude>
    <ClInclude Include="src\vendor\glm\ext\vector_float4_precision.hpp">
      <Filter>vendor\glm\ext</Filter>
    </ClInclude>
    <ClInclude Include="src\vendor\glm\ext\vector_int1.hpp">
      <Filter>vendor\glm\ext</Filter>
    </ClInclude>
    <ClInclude Include="src\vendor\glm\ext\vector_int1_precision.hpp">
      <Filter>vendor\glm\ext</Filter>
    </ClInclude>
    <ClInclude Include="src\vendor\glm\ext\vector_int2.hpp">
      <Filter>vendor\glm\ext</Filter>
    </ClInclude>
    <ClInclude Include="src\vendor\glm\ext\vector_int2_precision.hpp">
      <Filter>vendor\glm\ext</Filter>
    </ClInclude>
    <ClInclude Include="src\vendor\glm\ext\vector_int3.hpp">
      <Filter>vendor\glm\ext</Filter>
    </ClInclude>
    <ClInclude Include="src\vendor\glm\ext\vector_int3_precision.hpp">
      <Filter>vendor\glm\ext</Filter>
    </ClInclude>
    <ClInclude Include="src\vendor\glm\ext\vector_int4.hpp">
      <Filter>vendor\glm\ext</Filter>
    </ClInclude>
    <ClInclude Include="src\vendor\glm\ext\vector_int4_precision.hpp">
      <Filter>vendor\glm\ext</Filter>
    </ClInclude>
    <ClInclude Include="src\vendor\glm\ext\vector_integer.hpp">
      <Filter>vendor\glm\ext</Filter>
    </ClInclude>
    <ClInclude Include="src\vendor\glm\ext\vector_integer.inl">
      <Filter>vendor\glm\ext</Filter>
    </ClInclude>
    <ClInclude Include="src\vendor\glm\ext\vector_relational.hpp">
      <Filter>vendor\glm\ext</Filter>
    </ClInclude>
    <ClInclude Include="src\vendor\glm\ext\vector_relational.inl">
      <Filter>vendor\glm\ext</Filter>
    </ClInclude>
    <ClInclude Include="src\vendor\glm\ext\vector_uint1.hpp">
      <Filter>vendor\glm\ext</Filter>
    </ClInclude>
    <ClInclude Include="src\vendor\glm\ext\vector_uint1_precision.hpp">
      <Filter>vendor\glm\ext</Filter>
    </ClInclude>
    <ClInclude Include="src\vendor\glm\ext\vector_uint2.hpp">
      <Filter>vendor\glm\ext</Filter>
    </ClInclude>
    <ClInclude Include="src\vendor\glm\ext\vector_uint2_precision.hpp">
      <Filter>vendor\glm\ext</Filter>
    </ClInclude>
    <ClInclude Include="src\vendor\glm\ext\vector_uint3.hpp">
      <Filter>vendor\glm\ext</Filter>
    </ClInclude>
    <ClInclude Include="src\vendor\glm\ext\vector_uint3_precision.hpp">
      <Filter>vendor\glm\ext</Filter>
    </ClInclude>
    <ClInclude Include="src\vendor\glm\ext\vector_uint4.hpp">
      <Filter>vendor\glm\ext</Filter>
    </ClInclude>
    <ClInclude Include="src\vendor\glm\ext\vector_uint4_precision.hpp">
      <Filter>vendor\glm\ext</Filter>
    </ClInclude>
    <ClInclude Include="src\vendor\glm\ext\vector_ulp.hpp">
      <Filter>vendor\glm\ext</Filter>
    </ClInclude>
    <ClInclude Include="src\vendor\glm\ext\vector_ulp.inl">
      <Filter>vendor\glm\ext</Filter>
    </ClInclude>
    <ClInclude Include="src\vendor\glm\fwd.hpp">
      <Filter>vendor\glm</Filter>
    </ClInclude>
    <ClInclude Include="src\vendor\glm\geometric.hpp">
      <Filter>vendor\glm</Filter>
    </ClInclude>
    <ClInclude Include="src\vendor\glm\glm.hpp">
      <Filter>vendor\glm</Filter>
    </ClInclude>
    <ClInclude Include="src\vendor\glm\gtc\bitfield.hpp">
      <Filter>vendor\glm\gtc</Filter>
    </ClInclude>
    <ClInclude Include="src\vendor\glm\gtc\bitfield.inl">
      <Filter>vendor\glm\gtc</Filter>
    </ClInclude>
    <ClInclude Include="src\vendor\glm\gtc\color_space.hpp">
      <Filter>vendor\glm\gtc</Filter>
    </ClInclude>
    <ClInclude Include="src\vendor\glm\gtc\color_space.inl">
      <Filter>vendor\glm\gtc</Filter>
    </ClInclude>
    <ClInclude Include="src\vendor\glm\gtc\constants.hpp">
      <Filter>vendor\glm\gtc</Filter>
    </ClInclude>
    <ClInclude Include="src\vendor\glm\gtc\constants.inl">
      <Filter>vendor\glm\gtc</Filter>
    </ClInclude>
    <ClInclude Include="src\vendor\glm\gtc\epsilon.hpp">
      <Filter>vendor\glm\gtc</Filter>
    </ClInclude>
    <ClInclude Include="src\vendor\glm\gtc\epsilon.inl">
      <Filter>vendor\glm\gtc</Filter>
    </ClInclude>
    <ClInclude Include="src\vendor\glm\gtc\integer.hpp">
      <Filter>vendor\glm\gtc</Filter>
    </ClInclude>
    <ClInclude Include="src\vendor\glm\gtc\integer.inl">
      <Filter>vendor\glm\gtc</Filter>
    </ClInclude>
    <ClInclude Include="src\vendor\glm\gtc\matrix_access.hpp">
      <Filter>vendor\glm\gtc</Filter>
    </ClInclude>
    <ClInclude Include="src\vendor\glm\gtc\matrix_access.inl">
      <Filter>vendor\glm\gtc</Filter>
    </ClInclude>
    <ClInclude Include="src\vendor\glm\gtc\matrix_integer.hpp">
      <Filter>vendor\glm\gtc</Filter>
    </ClInclude>
    <ClInclude Include="src\vendor\glm\gtc\matrix_inverse.hpp">
      <Filter>vendor\glm\gtc</Filter>
    </ClInclude>
    <ClInclude Include="src\vendor\glm\gtc\matrix_inverse.inl">
      <Filter>vendor\glm\gtc</Filter>
    </ClInclude>
    <ClInclude Include="src\vendor\glm\gtc\matrix_transform.hpp">
      <Filter>vendor\glm\gtc</Filter>
    </ClInclude>
    <ClInclude Include="src\vendor\glm\gtc\matrix_transform.inl">
      <Filter>vendor\glm\gtc</Filter>
    </ClInclude>
    <ClInclude Include="src\vendor\glm\gtc\noise.hpp">
      <Filter>vendor\glm\gtc</Filter>
    </ClInclude>
    <ClInclude Include="src\vendor\glm\gtc\noise.inl">
      <Filter>vendor\glm\gtc</Filter>
    </ClInclude>
    <ClInclude Include="src\vendor\glm\gtc\packing.hpp">
      <Filter>vendor\glm\gtc</Filter>
    </ClInclude>
    <ClInclude Include="src\vendor\glm\gtc\packing.inl">
      <Filter>vendor\glm\gtc</Filter>
    </ClInclude>
    <ClInclude Include="src\vendor\glm\gtc\quaternion.hpp">
      <Filter>vendor\glm\gtc</Filter>
    </ClInclude>
    <ClInclude Include="src\vendor\glm\gtc\quaternion.inl">
      <Filter>vendor\glm\gtc</Filter>
    </ClInclude>
    <ClInclude Include="src\vendor\glm\gtc\quaternion_simd.inl">
      <Filter>vendor\glm\gtc</Filter>
    </ClInclude>
    <ClInclude Include="src\vendor\glm\gtc\random.hpp">
      <Filter>vendor\glm\gtc</Filter>
    </ClInclude>
    <ClInclude Include="src\vendor\glm\gtc\random.inl">
      <Filter>vendor\glm\gtc</Filter>
    </ClInclude>
    <ClInclude Include="src\vendor\glm\gtc\reciprocal.hpp">
      <Filter>vendor\glm\gtc</Filter>
    </ClInclude>
    <ClInclude Include="src\vendor\glm\gtc\reciprocal.inl">
      <Filter>vendor\glm\gtc</Filter>
    </ClInclude>
    <ClInclude Include="src\vendor\glm\gtc\round.hpp">
      <Filter>vendor\glm\gtc</Filter>
    </ClInclude>
    <ClInclude Include="src\vendor\glm\gtc\round.inl">
      <Filter>vendor\glm\gtc</Filter>
    </ClInclude>
    <ClInclude Include="src\vendor\glm\gtc\type_aligned.hpp">
      <Filter>vendor\glm\gtc</Filter>
    </ClInclude>
    <ClInclude Include="src\vendor\glm\gtc\type_precision.hpp">
      <Filter>vendor\glm\gtc</Filter>
    </ClInclude>
    <ClInclude Include="src\vendor\glm\gtc\type_precision.inl">
      <Filter>vendor\glm\gtc</Filter>
    </ClInclude>
    <ClInclude Include="src\vendor\glm\gtc\type_ptr.hpp">
      <Filter>vendor\glm\gtc</Filter>
    </ClInclude>
    <ClInclude Include="src\vendor\glm\gtc\type_ptr.inl">
      <Filter>vendor\glm\gtc</Filter>
    </ClInclude>
    <ClInclude Include="src\vendor\glm\gtc\ulp.hpp">
      <Filter>vendor\glm\gtc</Filter>
    </ClInclude>
    <ClInclude Include="src\vendor\glm\gtc\ulp.inl">
      <Filter>vendor\glm\gtc</Filter>
    </ClInclude>
    <ClInclude Include="src\vendor\glm\gtc\vec1.hpp">
      <Filter>vendor\glm\gtc</Filter>
    </ClInclude>
    <ClInclude Include="src\vendor\glm\gtx\associated_min_max.hpp">
      <Filter>vendor\glm\gtx</Filter>
    </ClInclude>
    <ClInclude Include="src\vendor\glm\gtx\associated_min_max.inl">
      <Filter>vendor\glm\gtx</Filter>
    </ClInclude>
    <ClInclude Include="src\vendor\glm\gtx\bit.hpp">
      <Filter>vendor\glm\gtx</Filter>
    </ClInclude>
    <ClInclude Include="src\vendor\glm\gtx\bit.inl">
      <Filter>vendor\glm\gtx</Filter>
    </ClInclude>
    <ClInclude Include="src\vendor\glm\gtx\closest_point.hpp">
      <Filter>vendor\glm\gtx</Filter>
    </ClInclude>
    <ClInclude Include="src\vendor\glm\gtx\closest_point.inl">
      <Filter>vendor\glm\gtx</Filter>
    </ClInclude>
    <ClInclude Include="src\vendor\glm\gtx\color_encoding.hpp">
      <Filter>vendor\glm\gtx</Filter>
    </ClInclude>
    <ClInclude Include="src\vendor\glm\gtx\color_encoding.inl">
      <Filter>vendor\glm\gtx</Filter>
    </ClInclude>
    <ClInclude Include="src\vendor\glm\gtx\color_space.hpp">
      <Filter>vendor\glm\gtx</Filter>
    </ClInclude>
    <ClInclude Include="src\vendor\glm\gtx\color_space.inl">
      <Filter>vendor\glm\gtx</Filter>
    </ClInclude>
    <ClInclude Include="src\vendor\glm\gtx\color_space_YCoCg.hpp">
      <Filter>vendor\glm\gtx</Filter>
    </ClInclude>
    <ClInclude Include="src\vendor\glm\gtx\color_space_YCoCg.inl">
      <Filter>vendor\glm\gtx</Filter>
    </ClInclude>
    <ClInclude Include="src\vendor\glm\gtx\common.hpp">
      <Filter>vendor\glm\gtx</Filter>
    </ClInclude>
    <ClInclude Include="src\vendor\glm\gtx\common.inl">
      <Filter>vendor\glm\gtx</Filter>
    </ClInclude>
    <ClInclude Include="src\vendor\glm\gtx\compatibility.hpp">
      <Filter>vendor\glm\gtx</Filter>
    </ClInclude>
    <ClInclude Include="src\vendor\glm\gtx\compatibility.inl">
      <Filter>vendor\glm\gtx</Filter>
    </ClInclude>
    <ClInclude Include="src\vendor\glm\gtx\component_wise.hpp">
      <Filter>vendor\glm\gtx</Filter>
    </ClInclude>
    <ClInclude Include="src\vendor\glm\gtx\component_wise.inl">
      <Filter>vendor\glm\gtx</Filter>
    </ClInclude>
    <ClInclude Include="src\vendor\glm\gtx\dual_quaternion.hpp">
      <Filter>vendor\glm\gtx</Filter>
    </ClInclude>
    <ClInclude Include="src\vendor\glm\gtx\dual_quaternion.inl">
      <Filter>vendor\glm\gtx</Filter>
    </ClInclude>
    <ClInclude Include="src\vendor\glm\gtx\easing.hpp">
      <Filter>vendor\glm\gtx</Filter>
    </ClInclude>
    <ClInclude Include="src\vendor\glm\gtx\easing.inl">
      <Filter>vendor\glm\gtx</Filter>
    </ClInclude>
    <ClInclude Include="src\vendor\glm\gtx\euler_angles.hpp">
      <Filter>vendor\glm\gtx</Filter>
    </ClInclude>
    <ClInclude Include="src\vendor\glm\gtx\euler_angles.inl">
      <Filter>vendor\glm\gtx</Filter>
    </ClInclude>
    <ClInclude Include="src\vendor\glm\gtx\extend.hpp">
      <Filter>vendor\glm\gtx</Filter>
    </ClInclude>
    <ClInclude Include="src\vendor\glm\gtx\extend.inl">
      <Filter>vendor\glm\gtx</Filter>
    </ClInclude>
    <ClInclude Include="src\vendor\glm\gtx\extended_min_max.hpp">
      <Filter>vendor\glm\gtx</Filter>
    </ClInclude>
    <ClInclude Include="src\vendor\glm\gtx\extended_min_max.inl">
      <Filter>vendor\glm\gtx</Filter>
    </ClInclude>
    <ClInclude Include="src\vendor\glm\gtx\exterior_product.hpp">
      <Filter>vendor\glm\gtx</Filter>
    </ClInclude>
    <ClInclude Include="src\vendor\glm\gtx\exterior_product.inl">
      <Filter>vendor\glm\gtx</Filter>
    </ClInclude>
    <ClInclude Include="src\vendor\glm\gtx\fast_exponential.hpp">
      <Filter>vendor\glm\gtx</Filter>
    </ClInclude>
    <ClInclude Include="src\vendor\glm\gtx\fast_exponential.inl">
      <Filter>vendor\glm\gtx</Filter>
    </ClInclude>
    <ClInclude Include="src\vendor\glm\gtx\fast_square_root.hpp">
      <Filter>vendor\glm\gtx</Filter>
    </ClInclude>
    <ClInclude Include="src\vendor\glm\gtx\fast_square_root.inl">
      <Filter>vendor\glm\gtx</Filter>
    </ClInclude>
    <ClInclude Include="src\vendor\glm\gtx\fast_trigonometry.hpp">
      <Filter>vendor\glm\gtx</Filter>
    </ClInclude>
    <ClInclude Include="src\vendor\glm\gtx\fast_trigonometry.inl">
      <Filter>vendor\glm\gtx</Filter>
    </ClInclude>
    <ClInclude Include="src\vendor\glm\gtx\float_notmalize.inl">
      <Filter>vendor\glm\gtx</Filter>
    </ClInclude>
    <ClInclude Include="src\vendor\glm\gtx\functions.hpp">
      <Filter>vendor\glm\gtx</Filter>
    </ClInclude>
    <ClInclude Include="src\vendor\glm\gtx\functions.inl">
      <Filter>vendor\glm\gtx</Filter>
    </ClInclude>
    <ClInclude Include="src\vendor\glm\gtx\gradient_paint.hpp">
      <Filter>vendor\glm\gtx</Filter>
    </ClInclude>
    <ClInclude Include="src\vendor\glm\gtx\gradient_paint.inl">
      <Filter>vendor\glm\gtx</Filter>
    </ClInclude>
    <ClInclude Include="src\vendor\glm\gtx\handed_coordinate_space.hpp">
      <Filter>vendor\glm\gtx</Filter>
    </ClInclude>
    <ClInclude Include="src\vendor\glm\gtx\handed_coordinate_space.inl">
      <Filter>vendor\glm\gtx</Filter>
    </ClInclude>
    <ClInclude Include="src\vendor\glm\gtx\hash.hpp">
      <Filter>vendor\glm\gtx</Filter>
    </ClInclude>
    <ClInclude Include="src\vendor\glm\gtx\hash.inl">
      <Filter>vendor\glm\gtx</Filter>
    </ClInclude>
    <ClInclude Include="src\vendor\glm\gtx\integer.hpp">
      <Filter>vendor\glm\gtx</Filter>
    </ClInclude>
    <ClInclude Include="src\vendor\glm\gtx\integer.inl">
      <Filter>vendor\glm\gtx</Filter>
    </ClInclude>
    <ClInclude Include="src\vendor\glm\gtx\intersect.hpp">
      <Filter>vendor\glm\gtx</Filter>
    </ClInclude>
    <ClInclude Include="src\vendor\glm\gtx\intersect.inl">
      <Filter>vendor\glm\gtx</Filter>
    </ClInclude>
    <ClInclude Include="src\vendor\glm\gtx\io.hpp">
      <Filter>vendor\glm\gtx</Filter>
    </ClInclude>
    <ClInclude Include="src\vendor\glm\gtx\io.inl">
      <Filter>vendor\glm\gtx</Filter>
    </ClInclude>
    <ClInclude Include="src\vendor\glm\gtx\log_base.hpp">
      <Filter>vendor\glm\gtx</Filter>
    </ClInclude>
    <ClInclude Include="src\vendor\glm\gtx\log_base.inl">
      <Filter>vendor\glm\gtx</Filter>
    </ClInclude>
    <ClInclude Include="src\vendor\glm\gtx\matrix_cross_product.hpp">
      <Filter>vendor\glm\gtx</Filter>
    </ClInclude>
    <ClInclude Include="src\vendor\glm\gtx\matrix_cross_product.inl">
      <Filter>vendor\glm\gtx</Filter>
    </ClInclude>
    <ClInclude Include="src\vendor\glm\gtx\matrix_decompose.hpp">
      <Filter>vendor\glm\gtx</Filter>
    </ClInclude>
    <ClInclude Include="src\vendor\glm\gtx\matrix_decompose.inl">
      <Filter>vendor\glm\gtx</Filter>
    </ClInclude>
    <ClInclude Include="src\vendor\glm\gtx\matrix_factorisation.hpp">
      <Filter>vendor\glm\gtx</Filter>
    </ClInclude>
    <ClInclude Include="src\vendor\glm\gtx\matrix_factorisation.inl">
      <Filter>vendor\glm\gtx</Filter>
    </ClInclude>
    <ClInclude Include="src\vendor\glm\gtx\matrix_interpolation.hpp">
      <Filter>vendor\glm\gtx</Filter>
    </ClInclude>
    <ClInclude Include="src\vendor\glm\gtx\matrix_interpolation.inl">
      <Filter>vendor\glm\gtx</Filter>
    </ClInclude>
    <ClInclude Include="src\vendor\glm\gtx\matrix_major_storage.hpp">
      <Filter>vendor\glm\gtx</Filter>
    </ClInclude>
    <ClInclude Include="src\vendor\glm\gtx\matrix_major_storage.inl">
      <Filter>vendor\glm\gtx</Filter>
    </ClInclude>
    <ClInclude Include="src\vendor\glm\gtx\matrix_operation.hpp">
      <Filter>vendor\glm\gtx</Filter>
    </ClInclude>
    <ClInclude Include="src\vendor\glm\gtx\matrix_operation.inl">
      <Filter>vendor\glm\gtx</Filter>
    </ClInclude>
    <ClInclude Include="src\vendor\glm\gtx\matrix_query.hpp">
      <Filter>vendor\glm\gtx</Filter>
    </ClInclude>
    <ClInclude Include="src\vendor\glm\gtx\matrix_query.inl">
      <Filter>vendor\glm\gtx</Filter>
    </ClInclude>
    <ClInclude Include="src\vendor\glm\gtx\matrix_transform_2d.hpp">
      <Filter>vendor\glm\gtx</Filter>
    </ClInclude>
    <ClInclude Include="src\vendor\glm\gtx\matrix_transform_2d.inl">
      <Filter>vendor\glm\gtx</Filter>
    </ClInclude>
    <ClInclude Include="src\vendor\glm\gtx\mixed_product.hpp">
      <Filter>vendor\glm\gtx</Filter>
    </ClInclude>
    <ClInclude Include="src\vendor\glm\gtx\mixed_product.inl">
      <Filter>vendor\glm\gtx</Filter>
    </ClInclude>
    <ClInclude Include="src\vendor\glm\gtx\norm.hpp">
      <Filter>vendor\glm\gtx</Filter>
    </ClInclude>
    <ClInclude Include="src\vendor\glm\gtx\norm.inl">
      <Filter>vendor\glm\gtx</Filter>
    </ClInclude>
    <ClInclude Include="src\vendor\glm\gtx\normal.hpp">
      <Filter>vendor\glm\gtx</Filter>
    </ClInclude>
    <ClInclude Include="src\vendor\glm\gtx\normal.inl">
      <Filter>vendor\glm\gtx</Filter>
    </ClInclude>
    <ClInclude Include="src\vendor\glm\gtx\normalize_dot.hpp">
      <Filter>vendor\glm\gtx</Filter>
    </ClInclude>
    <ClInclude Include="src\vendor\glm\gtx\normalize_dot.inl">
      <Filter>vendor\glm\gtx</Filter>
    </ClInclude>
    <ClInclude Include="src\vendor\glm\gtx\number_precision.hpp">
      <Filter>vendor\glm\gtx</Filter>
    </ClInclude>
    <ClInclude Include="src\vendor\glm\gtx\number_precision.inl">
      <Filter>vendor\glm\gtx</Filter>
    </ClInclude>
    <ClInclude Include="src\vendor\glm\gtx\optimum_pow.hpp">
      <Filter>vendor\glm\gtx</Filter>
    </ClInclude>
    <ClInclude Include="src\vendor\glm\gtx\optimum_pow.inl">
      <Filter>vendor\glm\gtx</Filter>
    </ClInclude>
    <ClInclude Include="src\vendor\glm\gtx\orthonormalize.hpp">
      <Filter>vendor\glm\gtx</Filter>
    </ClInclude>
    <ClInclude Include="src\vendor\glm\gtx\orthonormalize.inl">
      <Filter>vendor\glm\gtx</Filter>
    </ClInclude>
    <ClInclude Include="src\vendor\glm\gtx\perpendicular.hpp">
      <Filter>vendor\glm\gtx</Filter>
    </ClInclude>
    <ClInclude Include="src\vendor\glm\gtx\perpendicular.inl">
      <Filter>vendor\glm\gtx</Filter>
    </ClInclude>
    <ClInclude Include="src\vendor\glm\gtx\polar_coordinates.hpp">
      <Filter>vendor\glm\gtx</Filter>
    </ClInclude>
    <ClInclude Include="src\vendor\glm\gtx\polar_coordinates.inl">
      <Filter>vendor\glm\gtx</Filter>
    </ClInclude>
    <ClInclude Include="src\vendor\glm\gtx\projection.hpp">
      <Filter>vendor\glm\gtx</Filter>
    </ClInclude>
    <ClInclude Include="src\vendor\glm\gtx\projection.inl">
      <Filter>vendor\glm\gtx</Filter>
    </ClInclude>
    <ClInclude Include="src\vendor\glm\gtx\quaternion.hpp">
      <Filter>vendor\glm\gtx</Filter>
    </ClInclude>
    <ClInclude Include="src\vendor\glm\gtx\quaternion.inl">
      <Filter>vendor\glm\gtx</Filter>
    </ClInclude>
    <ClInclude Include="src\vendor\glm\gtx\range.hpp">
      <Filter>vendor\glm\gtx</Filter>
    </ClInclude>
    <ClInclude Include="src\vendor\glm\gtx\raw_data.hpp">
      <Filter>vendor\glm\gtx</Filter>
    </ClInclude>
    <ClInclude Include="src\vendor\glm\gtx\raw_data.inl">
      <Filter>vendor\glm\gtx</Filter>
    </ClInclude>
    <ClInclude Include="src\vendor\glm\gtx\rotate_normalized_axis.hpp">
      <Filter>vendor\glm\gtx</Filter>
    </ClInclude>
    <ClInclude Include="src\vendor\glm\gtx\rotate_normalized_axis.inl">
      <Filter>vendor\glm\gtx</Filter>
    </ClInclude>
    <ClInclude Include="src\vendor\glm\gtx\rotate_vector.hpp">
      <Filter>vendor\glm\gtx</Filter>
    </ClInclude>
    <ClInclude Include="src\vendor\glm\gtx\rotate_vector.inl">
      <Filter>vendor\glm\gtx</Filter>
    </ClInclude>
    <ClInclude Include="src\vendor\glm\gtx\scalar_multiplication.hpp">
      <Filter>vendor\glm\gtx</Filter>
    </ClInclude>
    <ClInclude Include="src\vendor\glm\gtx\scalar_relational.hpp">
      <Filter>vendor\glm\gtx</Filter>
    </ClInclude>
    <ClInclude Include="src\vendor\glm\gtx\scalar_relational.inl">
      <Filter>vendor\glm\gtx</Filter>
    </ClInclude>
    <ClInclude Include="src\vendor\glm\gtx\spline.hpp">
      <Filter>vendor\glm\gtx</Filter>
    </ClInclude>
    <ClInclude Include="src\vendor\glm\gtx\spline.inl">
      <Filter>vendor\glm\gtx</Filter>
    </ClInclude>
    <ClInclude Include="src\vendor\glm\gtx\std_based_type.hpp">
      <Filter>vendor\glm\gtx</Filter>
    </ClInclude>
    <ClInclude Include="src\vendor\glm\gtx\std_based_type.inl">
      <Filter>vendor\glm\gtx</Filter>
    </ClInclude>
    <ClInclude Include="src\vendor\glm\gtx\string_cast.hpp">
      <Filter>vendor\glm\gtx</Filter>
    </ClInclude>
    <ClInclude Include="src\vendor\glm\gtx\string_cast.inl">
      <Filter>vendor\glm\gtx</Filter>
    </ClInclude>
    <ClInclude Include="src\vendor\glm\gtx\texture.hpp">
      <Filter>vendor\glm\gtx</Filter>
    </ClInclude>
    <ClInclude Include="src\vendor\glm\gtx\texture.inl">
      <Filter>vendor\glm\gtx</Filter>
    </ClInclude>
    <ClInclude Include="src\vendor\glm\gtx\transform.hpp">
      <Filter>vendor\glm\gtx</Filter>
    </ClInclude>
    <ClInclude Include="src\vendor\glm\gtx\transform.inl">
      <Filter>vendor\glm\gtx</Filter>
    </ClInclude>
    <ClInclude Include="src\vendor\glm\gtx\transform2.hpp">
      <Filter>vendor\glm\gtx</Filter>
    </ClInclude>
    <ClInclude Include="src\vendor\glm\gtx\transform2.inl">
      <Filter>vendor\glm\gtx</Filter>
    </ClInclude>
    <ClInclude Include="src\vendor\glm\gtx\type_aligned.hpp">
      <Filter>vendor\glm\gtx</Filter>
    </ClInclude>
    <ClInclude Include="src\vendor\glm\gtx\type_aligned.inl">
      <Filter>vendor\glm\gtx</Filter>
    </ClInclude>
    <ClInclude Include="src\vendor\glm\gtx\type_trait.hpp">
      <Filter>vendor\glm\gtx</Filter>
    </ClInclude>
    <ClInclude Include="src\vendor\glm\gtx\type_trait.inl">
      <Filter>vendor\glm\gtx</Filter>
    </ClInclude>
    <ClInclude Include="src\vendor\glm\gtx\vec_swizzle.hpp">
      <Filter>vendor\glm\gtx</Filter>
    </ClInclude>
    <ClInclude Include="src\vendor\glm\gtx\vector_angle.hpp">
      <Filter>vendor\glm\gtx</Filter>
    </ClInclude>
    <ClInclude Include="src\vendor\glm\gtx\vector_angle.inl">
      <Filter>vendor\glm\gtx</Filter>
    </ClInclude>
    <ClInclude Include="src\vendor\glm\gtx\vector_query.hpp">
      <Filter>vendor\glm\gtx</Filter>
    </ClInclude>
    <ClInclude Include="src\vendor\glm\gtx\vector_query.inl">
      <Filter>vendor\glm\gtx</Filter>
    </ClInclude>
    <ClInclude Include="src\vendor\glm\gtx\wrap.hpp">
      <Filter>vendor\glm\gtx</Filter>
    </ClInclude>
    <ClInclude Include="src\vendor\glm\gtx\wrap.inl">
      <Filter>vendor\glm\gtx</Filter>
    </ClInclude>
    <ClInclude Include="src\vendor\glm\integer.hpp">
      <Filter>vendor\glm</Filter>
    </ClInclude>
    <ClInclude Include="src\vendor\glm\mat2x2.hpp">
      <Filter>vendor\glm</Filter>
    </ClInclude>
    <ClInclude Include="src\vendor\glm\mat2x3.hpp">
      <Filter>vendor\glm</Filter>
    </ClInclude>
    <ClInclude Include="src\vendor\glm\mat2x4.hpp">
      <Filter>vendor\glm</Filter>
    </ClInclude>
    <ClInclude Include="src\vendor\glm\mat3x2.hpp">
      <Filter>vendor\glm</Filter>
    </ClInclude>
    <ClInclude Include="src\vendor\glm\mat3x3.hpp">
      <Filter>vendor\glm</Filter>
    </ClInclude>
    <ClInclude Include="src\vendor\glm\mat3x4.hpp">
      <Filter>vendor\glm</Filter>
    </ClInclude>
    <ClInclude Include="src\vendor\glm\mat4x2.hpp">
      <Filter>vendor\glm</Filter>
    </ClInclude>
    <ClInclude Include="src\vendor\glm\mat4x3.hpp">
      <Filter>vendor\glm</Filter>
    </ClInclude>
    <ClInclude Include="src\vendor\glm\mat4x4.hpp">
      <Filter>vendor\glm</Filter>
    </ClInclude>
    <ClInclude Include="src\vendor\glm\matrix.hpp">
      <Filter>vendor\glm</Filter>
    </ClInclude>
    <ClInclude Include="src\vendor\glm\packing.hpp">
      <Filter>vendor\glm</Filter>
    </ClInclude>
    <ClInclude Include="src\vendor\glm\simd\common.h">
      <Filter>vendor\glm\simd</Filter>
    </ClInclude>
    <ClInclude Include="src\vendor\glm\simd\exponential.h">
      <Filter>vendor\glm\simd</Filter>
    </ClInclude>
    <ClInclude Include="src\vendor\glm\simd\geometric.h">
      <Filter>vendor\glm\simd</Filter>
    </ClInclude>
    <ClInclude Include="src\vendor\glm\simd\integer.h">
      <Filter>vendor\glm\simd</Filter>
    </ClInclude>
    <ClInclude Include="src\vendor\glm\simd\matrix.h">
      <Filter>vendor\glm\simd</Filter>
    </ClInclude>
    <ClInclude Include="src\vendor\glm\simd\packing.h">
      <Filter>vendor\glm\simd</Filter>
    </ClInclude>
    <ClInclude Include="src\vendor\glm\simd\platform.h">
      <Filter>vendor\glm\simd</Filter>
    </ClInclude>
    <ClInclude Include="src\vendor\glm\simd\trigonometric.h">
      <Filter>vendor\glm\simd</Filter>
    </ClInclude>
    <ClInclude Include="src\vendor\glm\simd\vector_relational.h">
      <Filter>vendor\glm\simd</Filter>
    </ClInclude>
    <ClInclude Include="src\vendor\glm\trigonometric.hpp">
      <Filter>vendor\glm</Filter>
    </ClInclude>
    <ClInclude Include="src\vendor\glm\vec2.hpp">
      <Filter>vendor\glm</Filter>
    </ClInclude>
    <ClInclude Include="src\vendor\glm\vec3.hpp">
      <Filter>vendor\glm</Filter>
    </ClInclude>
    <ClInclude Include="src\vendor\glm\vec4.hpp">
      <Filter>vendor\glm</Filter>
    </ClInclude>
    <ClInclude Include="src\vendor\glm\vector_relational.hpp">
      <Filter>vendor\glm</Filter>
    </ClInclude>
    <ClInclude Include="src\vendor\imgui\imconfig.h">
      <Filter>vendor\imgui</Filter>
    </ClInclude>
    <ClInclude Include="src\vendor\imgui\imgui.h">
      <Filter>vendor\imgui</Filter>
    </ClInclude>
    <ClInclude Include="src\vendor\imgui\imgui_impl_glfw_gl3.h">
      <Filter>vendor\imgui</Filter>
    </ClInclude>
    <ClInclude Include="src\vendor\imgui\imgui_internal.h">
      <Filter>vendor\imgui</Filter>
    </ClInclude>
    <ClInclude Include="src\vendor\imgui\stb_rect_pack.h">
      <Filter>vendor\imgui</Filter>
    </ClInclude>
    <ClInclude Include="src\vendor\imgui\stb_textedit.h">
      <Filter>vendor\imgui</Filter>
    </ClInclude>
    <ClInclude Include="src\vendor\imgui\stb_truetype.h">
      <Filter>vendor\imgui</Filter>
    </ClInclude>
    <ClInclude Include="src\vendor\meshReader\tinyobjloader.h">
      <Filter>vendor\meshReader</Filter>
    </ClInclude>
    <ClInclude Include="src\vendor\soloud\soloud.h">
      <Filter>vendor\soloud</Filter>
    </ClInclude>
    <ClInclude Include="src\vendor\soloud\soloud_audiosource.h">
      <Filter>vendor\soloud</Filter>
    </ClInclude>
    <ClInclude Include="src\vendor\soloud\soloud_bassboostfilter.h">
      <Filter>vendor\soloud</Filter>
    </ClInclude>
    <ClInclude Include="src\vendor\soloud\soloud_biquadresonantfilter.h">
      <Filter>vendor\soloud</Filter>
    </ClInclude>
    <ClInclude Include="src\vendor\soloud\soloud_bus.h">
      <Filter>vendor\soloud</Filter>
    </ClInclude>
    <ClInclude Include="src\vendor\soloud\soloud_c.h">
      <Filter>vendor\soloud</Filter>
    </ClInclude>
    <ClInclude Include="src\vendor\soloud\soloud_dcremovalfilter.h">
      <Filter>vendor\soloud</Filter>
    </ClInclude>
    <ClInclude Include="src\vendor\soloud\soloud_echofilter.h">
      <Filter>vendor\soloud</Filter>
    </ClInclude>
    <ClInclude Include="src\vendor\soloud\soloud_error.h">
      <Filter>vendor\soloud</Filter>
    </ClInclude>
    <ClInclude Include="src\vendor\soloud\soloud_fader.h">
      <Filter>vendor\soloud</Filter>
    </ClInclude>
    <ClInclude Include="src\vendor\soloud\soloud_fft.h">
      <Filter>vendor\soloud</Filter>
    </ClInclude>
    <ClInclude Include="src\vendor\soloud\soloud_fftfilter.h">
      <Filter>vendor\soloud</Filter>
    </ClInclude>
    <ClInclude Include="src\vendor\soloud\soloud_file.h">
      <Filter>vendor\soloud</Filter>
    </ClInclude>
    <ClInclude Include="src\vendor\soloud\soloud_file_hack_off.h">
      <Filter>vendor\soloud</Filter>
    </ClInclude>
    <ClInclude Include="src\vendor\soloud\soloud_file_hack_on.h">
      <Filter>vendor\soloud</Filter>
    </ClInclude>
    <ClInclude Include="src\vendor\soloud\soloud_filter.h">
      <Filter>vendor\soloud</Filter>
    </ClInclude>
    <ClInclude Include="src\vendor\soloud\soloud_flangerfilter.h">
      <Filter>vendor\soloud</Filter>
    </ClInclude>
    <ClInclude Include="src\vendor\soloud\soloud_freeverbfilter.h">
      <Filter>vendor\soloud</Filter>
    </ClInclude>
    <ClInclude Include="src\vendor\soloud\soloud_internal.h">
      <Filter>vendor\soloud</Filter>
    </ClInclude>
    <ClInclude Include="src\vendor\soloud\soloud_lofifilter.h">
      <Filter>vendor\soloud</Filter>
    </ClInclude>
    <ClInclude Include="src\vendor\soloud\soloud_misc.h">
      <Filter>vendor\soloud</Filter>
    </ClInclude>
    <ClInclude Include="src\vendor\soloud\soloud_monotone.h">
      <Filter>vendor\soloud</Filter>
    </ClInclude>
    <ClInclude Include="src\vendor\soloud\soloud_noise.h">
      <Filter>vendor\soloud</Filter>
    </ClInclude>
    <ClInclude Include="src\vendor\soloud\soloud_openmpt.h">
      <Filter>vendor\soloud</Filter>
    </ClInclude>
    <ClInclude Include="src\vendor\soloud\soloud_queue.h">
      <Filter>vendor\soloud</Filter>
    </ClInclude>
    <ClInclude Include="src\vendor\soloud\soloud_robotizefilter.h">
      <Filter>vendor\soloud</Filter>
    </ClInclude>
    <ClInclude Include="src\vendor\soloud\soloud_sfxr.h">
      <Filter>vendor\soloud</Filter>
    </ClInclude>
    <ClInclude Include="src\vendor\soloud\soloud_speech.h">
      <Filter>vendor\soloud</Filter>
    </ClInclude>
    <ClInclude Include="src\vendor\soloud\soloud_tedsid.h">
      <Filter>vendor\soloud</Filter>
    </ClInclude>
    <ClInclude Include="src\vendor\soloud\soloud_thread.h">
      <Filter>vendor\soloud</Filter>
    </ClInclude>
    <ClInclude Include="src\vendor\soloud\soloud_vic.h">
      <Filter>vendor\soloud</Filter>
    </ClInclude>
    <ClInclude Include="src\vendor\soloud\soloud_vizsn.h">
      <Filter>vendor\soloud</Filter>
    </ClInclude>
    <ClInclude Include="src\vendor\soloud\soloud_wav.h">
      <Filter>vendor\soloud</Filter>
    </ClInclude>
    <ClInclude Include="src\vendor\soloud\soloud_waveshaperfilter.h">
      <Filter>vendor\soloud</Filter>
    </ClInclude>
    <ClInclude Include="src\vendor\soloud\soloud_wavstream.h">
      <Filter>vendor\soloud</Filter>
    </ClInclude>
    <ClInclude Include="src\vendor\spdlog\async.h">
      <Filter>vendor\spdlog</Filter>
    </ClInclude>
    <ClInclude Include="src\vendor\spdlog\async_logger-inl.h">
      <Filter>vendor\spdlog</Filter>
    </ClInclude>
    <ClInclude Include="src\vendor\spdlog\async_logger.h">
      <Filter>vendor\spdlog</Filter>
    </ClInclude>
    <ClInclude Include="src\vendor\spdlog\cfg\argv.h">
      <Filter>vendor\spdlog\cfg</Filter>
    </ClInclude>
    <ClInclude Include="src\vendor\spdlog\cfg\env.h">
      <Filter>vendor\spdlog\cfg</Filter>
    </ClInclude>
    <ClInclude Include="src\vendor\spdlog\cfg\helpers-inl.h">
      <Filter>vendor\spdlog\cfg</Filter>
    </ClInclude>
    <ClInclude Include="src\vendor\spdlog\cfg\helpers.h">
      <Filter>vendor\spdlog\cfg</Filter>
    </ClInclude>
    <ClInclude Include="src\vendor\spdlog\cfg\log_levels.h">
      <Filter>vendor\spdlog\cfg</Filter>
    </ClInclude>
    <ClInclude Include="src\vendor\spdlog\common-inl.h">
      <Filter>vendor\spdlog</Filter>
    </ClInclude>
    <ClInclude Include="src\vendor\spdlog\common.h">
      <Filter>vendor\spdlog</Filter>
    </ClInclude>
    <ClInclude Include="src\vendor\spdlog\details\backtracer-inl.h">
      <Filter>vendor\spdlog\details</Filter>
    </ClInclude>
    <ClInclude Include="src\vendor\spdlog\details\backtracer.h">
      <Filter>vendor\spdlog\details</Filter>
    </ClInclude>
    <ClInclude Include="src\vendor\spdlog\details\circular_q.h">
      <Filter>vendor\spdlog\details</Filter>
    </ClInclude>
    <ClInclude Include="src\vendor\spdlog\details\console_globals.h">
      <Filter>vendor\spdlog\details</Filter>
    </ClInclude>
    <ClInclude Include="src\vendor\spdlog\details\file_helper-inl.h">
      <Filter>vendor\spdlog\details</Filter>
    </ClInclude>
    <ClInclude Include="src\vendor\spdlog\details\file_helper.h">
      <Filter>vendor\spdlog\details</Filter>
    </ClInclude>
    <ClInclude Include="src\vendor\spdlog\details\fmt_helper.h">
      <Filter>vendor\spdlog\details</Filter>
    </ClInclude>
    <ClInclude Include="src\vendor\spdlog\details\log_msg-inl.h">
      <Filter>vendor\spdlog\details</Filter>
    </ClInclude>
    <ClInclude Include="src\vendor\spdlog\details\log_msg.h">
      <Filter>vendor\spdlog\details</Filter>
    </ClInclude>
    <ClInclude Include="src\vendor\spdlog\details\log_msg_buffer-inl.h">
      <Filter>vendor\spdlog\details</Filter>
    </ClInclude>
    <ClInclude Include="src\vendor\spdlog\details\log_msg_buffer.h">
      <Filter>vendor\spdlog\details</Filter>
    </ClInclude>
    <ClInclude Include="src\vendor\spdlog\details\mpmc_blocking_q.h">
      <Filter>vendor\spdlog\details</Filter>
    </ClInclude>
    <ClInclude Include="src\vendor\spdlog\details\null_mutex.h">
      <Filter>vendor\spdlog\details</Filter>
    </ClInclude>
    <ClInclude Include="src\vendor\spdlog\details\os-inl.h">
      <Filter>vendor\spdlog\details</Filter>
    </ClInclude>
    <ClInclude Include="src\vendor\spdlog\details\os.h">
      <Filter>vendor\spdlog\details</Filter>
    </ClInclude>
    <ClInclude Include="src\vendor\spdlog\details\periodic_worker-inl.h">
      <Filter>vendor\spdlog\details</Filter>
    </ClInclude>
    <ClInclude Include="src\vendor\spdlog\details\periodic_worker.h">
      <Filter>vendor\spdlog\details</Filter>
    </ClInclude>
    <ClInclude Include="src\vendor\spdlog\details\registry-inl.h">
      <Filter>vendor\spdlog\details</Filter>
    </ClInclude>
    <ClInclude Include="src\vendor\spdlog\details\registry.h">
      <Filter>vendor\spdlog\details</Filter>
    </ClInclude>
    <ClInclude Include="src\vendor\spdlog\details\synchronous_factory.h">
      <Filter>vendor\spdlog\details</Filter>
    </ClInclude>
    <ClInclude Include="src\vendor\spdlog\details\tcp_client-windows.h">
      <Filter>vendor\spdlog\details</Filter>
    </ClInclude>
    <ClInclude Include="src\vendor\spdlog\details\tcp_client.h">
      <Filter>vendor\spdlog\details</Filter>
    </ClInclude>
    <ClInclude Include="src\vendor\spdlog\details\thread_pool-inl.h">
      <Filter>vendor\spdlog\details</Filter>
    </ClInclude>
    <ClInclude Include="src\vendor\spdlog\details\thread_pool.h">
      <Filter>vendor\spdlog\details</Filter>
    </ClInclude>
    <ClInclude Include="src\vendor\spdlog\details\windows_include.h">
      <Filter>vendor\spdlog\details</Filter>
    </ClInclude>
    <ClInclude Include="src\vendor\spdlog\fmt\bin_to_hex.h">
      <Filter>vendor\spdlog\fmt</Filter>
    </ClInclude>
    <ClInclude Include="src\vendor\spdlog\fmt\bundled\chrono.h">
      <Filter>vendor\spdlog\fmt\bundled</Filter>
    </ClInclude>
    <ClInclude Include="src\vendor\spdlog\fmt\bundled\color.h">
      <Filter>vendor\spdlog\fmt\bundled</Filter>
    </ClInclude>
    <ClInclude Include="src\vendor\spdlog\fmt\bundled\compile.h">
      <Filter>vendor\spdlog\fmt\bundled</Filter>
    </ClInclude>
    <ClInclude Include="src\vendor\spdlog\fmt\bundled\core.h">
      <Filter>vendor\spdlog\fmt\bundled</Filter>
    </ClInclude>
    <ClInclude Include="src\vendor\spdlog\fmt\bundled\format-inl.h">
      <Filter>vendor\spdlog\fmt\bundled</Filter>
    </ClInclude>
    <ClInclude Include="src\vendor\spdlog\fmt\bundled\format.h">
      <Filter>vendor\spdlog\fmt\bundled</Filter>
    </ClInclude>
    <ClInclude Include="src\vendor\spdlog\fmt\bundled\locale.h">
      <Filter>vendor\spdlog\fmt\bundled</Filter>
    </ClInclude>
    <ClInclude Include="src\vendor\spdlog\fmt\bundled\ostream.h">
      <Filter>vendor\spdlog\fmt\bundled</Filter>
    </ClInclude>
    <ClInclude Include="src\vendor\spdlog\fmt\bundled\posix.h">
      <Filter>vendor\spdlog\fmt\bundled</Filter>
    </ClInclude>
    <ClInclude Include="src\vendor\spdlog\fmt\bundled\printf.h">
      <Filter>vendor\spdlog\fmt\bundled</Filter>
    </ClInclude>
    <ClInclude Include="src\vendor\spdlog\fmt\bundled\ranges.h">
      <Filter>vendor\spdlog\fmt\bundled</Filter>
    </ClInclude>
    <ClInclude Include="src\vendor\spdlog\fmt\fmt.h">
      <Filter>vendor\spdlog\fmt</Filter>
    </ClInclude>
    <ClInclude Include="src\vendor\spdlog\fmt\ostr.h">
      <Filter>vendor\spdlog\fmt</Filter>
    </ClInclude>
    <ClInclude Include="src\vendor\spdlog\formatter.h">
      <Filter>vendor\spdlog</Filter>
    </ClInclude>
    <ClInclude Include="src\vendor\spdlog\fwd.h">
      <Filter>vendor\spdlog</Filter>
    </ClInclude>
    <ClInclude Include="src\vendor\spdlog\logger-inl.h">
      <Filter>vendor\spdlog</Filter>
    </ClInclude>
    <ClInclude Include="src\vendor\spdlog\logger.h">
      <Filter>vendor\spdlog</Filter>
    </ClInclude>
    <ClInclude Include="src\vendor\spdlog\pattern_formatter-inl.h">
      <Filter>vendor\spdlog</Filter>
    </ClInclude>
    <ClInclude Include="src\vendor\spdlog\pattern_formatter.h">
      <Filter>vendor\spdlog</Filter>
    </ClInclude>
    <ClInclude Include="src\vendor\spdlog\sinks\android_sink.h">
      <Filter>vendor\spdlog\sinks</Filter>
    </ClInclude>
    <ClInclude Include="src\vendor\spdlog\sinks\ansicolor_sink-inl.h">
      <Filter>vendor\spdlog\sinks</Filter>
    </ClInclude>
    <ClInclude Include="src\vendor\spdlog\sinks\ansicolor_sink.h">
      <Filter>vendor\spdlog\sinks</Filter>
    </ClInclude>
    <ClInclude Include="src\vendor\spdlog\sinks\base_sink-inl.h">
      <Filter>vendor\spdlog\sinks</Filter>
    </ClInclude>
    <ClInclude Include="src\vendor\spdlog\sinks\base_sink.h">
      <Filter>vendor\spdlog\sinks</Filter>
    </ClInclude>
    <ClInclude Include="src\vendor\spdlog\sinks\basic_file_sink-inl.h">
      <Filter>vendor\spdlog\sinks</Filter>
    </ClInclude>
    <ClInclude Include="src\vendor\spdlog\sinks\basic_file_sink.h">
      <Filter>vendor\spdlog\sinks</Filter>
    </ClInclude>
    <ClInclude Include="src\vendor\spdlog\sinks\daily_file_sink.h">
      <Filter>vendor\spdlog\sinks</Filter>
    </ClInclude>
    <ClInclude Include="src\vendor\spdlog\sinks\dist_sink.h">
      <Filter>vendor\spdlog\sinks</Filter>
    </ClInclude>
    <ClInclude Include="src\vendor\spdlog\sinks\dup_filter_sink.h">
      <Filter>vendor\spdlog\sinks</Filter>
    </ClInclude>
    <ClInclude Include="src\vendor\spdlog\sinks\msvc_sink.h">
      <Filter>vendor\spdlog\sinks</Filter>
    </ClInclude>
    <ClInclude Include="src\vendor\spdlog\sinks\null_sink.h">
      <Filter>vendor\spdlog\sinks</Filter>
    </ClInclude>
    <ClInclude Include="src\vendor\spdlog\sinks\ostream_sink.h">
      <Filter>vendor\spdlog\sinks</Filter>
    </ClInclude>
    <ClInclude Include="src\vendor\spdlog\sinks\ringbuffer_sink.h">
      <Filter>vendor\spdlog\sinks</Filter>
    </ClInclude>
    <ClInclude Include="src\vendor\spdlog\sinks\rotating_file_sink-inl.h">
      <Filter>vendor\spdlog\sinks</Filter>
    </ClInclude>
    <ClInclude Include="src\vendor\spdlog\sinks\rotating_file_sink.h">
      <Filter>vendor\spdlog\sinks</Filter>
    </ClInclude>
    <ClInclude Include="src\vendor\spdlog\sinks\sink-inl.h">
      <Filter>vendor\spdlog\sinks</Filter>
    </ClInclude>
    <ClInclude Include="src\vendor\spdlog\sinks\sink.h">
      <Filter>vendor\spdlog\sinks</Filter>
    </ClInclude>
    <ClInclude Include="src\vendor\spdlog\sinks\stdout_color_sinks-inl.h">
      <Filter>vendor\spdlog\sinks</Filter>
    </ClInclude>
    <ClInclude Include="src\vendor\spdlog\sinks\stdout_color_sinks.h">
      <Filter>vendor\spdlog\sinks</Filter>
    </ClInclude>
    <ClInclude Include="src\vendor\spdlog\sinks\stdout_sinks-inl.h">
      <Filter>vendor\spdlog\sinks</Filter>
    </ClInclude>
    <ClInclude Include="src\vendor\spdlog\sinks\stdout_sinks.h">
      <Filter>vendor\spdlog\sinks</Filter>
    </ClInclude>
    <ClInclude Include="src\vendor\spdlog\sinks\syslog_sink.h">
      <Filter>vendor\spdlog\sinks</Filter>
    </ClInclude>
    <ClInclude Include="src\vendor\spdlog\sinks\systemd_sink.h">
      <Filter>vendor\spdlog\sinks</Filter>
    </ClInclude>
    <ClInclude Include="src\vendor\spdlog\sinks\tcp_sink.h">
      <Filter>vendor\spdlog\sinks</Filter>
    </ClInclude>
    <ClInclude Include="src\vendor\spdlog\sinks\win_eventlog_sink.h">
      <Filter>vendor\spdlog\sinks</Filter>
    </ClInclude>
    <ClInclude Include="src\vendor\spdlog\sinks\wincolor_sink-inl.h">
      <Filter>vendor\spdlog\sinks</Filter>
    </ClInclude>
    <ClInclude Include="src\vendor\spdlog\sinks\wincolor_sink.h">
      <Filter>vendor\spdlog\sinks</Filter>
    </ClInclude>
    <ClInclude Include="src\vendor\spdlog\spdlog-inl.h">
      <Filter>vendor\spdlog</Filter>
    </ClInclude>
    <ClInclude Include="src\vendor\spdlog\spdlog.h">
      <Filter>vendor\spdlog</Filter>
    </ClInclude>
    <ClInclude Include="src\vendor\spdlog\tweakme.h">
      <Filter>vendor\spdlog</Filter>
    </ClInclude>
    <ClInclude Include="src\vendor\spdlog\version.h">
      <Filter>vendor\spdlog</Filter>
    </ClInclude>
    <ClInclude Include="src\vendor\stb_image\stb_image.h">
      <Filter>vendor\stb_image</Filter>
    </ClInclude>
    <ClInclude Include="src\world\GameObject.h">
      <Filter>world</Filter>
    </ClInclude>
    <ClInclude Include="src\world\Scene.h">
      <Filter>world</Filter>
    </ClInclude>
    <ClInclude Include="src\world\Time.h">
      <Filter>world</Filter>
    </ClInclude>
  </ItemGroup>
  <ItemGroup>
    <ClCompile Include="src\Application.cpp" />
    <ClCompile Include="src\Components\Camera.cpp">
      <Filter>Components</Filter>
    </ClCompile>
    <ClCompile Include="src\Components\Component.cpp">
      <Filter>Components</Filter>
    </ClCompile>
    <ClCompile Include="src\Components\ProceduralSkyBox.cpp">
      <Filter>Components</Filter>
    </ClCompile>
    <ClCompile Include="src\Components\Scripts\MoveCamera.cpp">
      <Filter>Components\Scripts</Filter>
    </ClCompile>
    <ClCompile Include="src\Components\Scripts\postProcesses\Vignetting.cpp">
      <Filter>Components\Scripts\postProcesses</Filter>
    </ClCompile>
    <ClCompile Include="src\Components\Transform.cpp">
      <Filter>Components</Filter>
    </ClCompile>
    <ClCompile Include="src\Tests\Test.cpp">
      <Filter>Tests</Filter>
    </ClCompile>
    <ClCompile Include="src\Tests\TestClearColor.cpp">
      <Filter>Tests</Filter>
    </ClCompile>
    <ClCompile Include="src\Tests\TestObjLoader.cpp">
      <Filter>Tests</Filter>
    </ClCompile>
    <ClCompile Include="src\Tests\TestTexture2D.cpp">
      <Filter>Tests</Filter>
    </ClCompile>
    <ClCompile Include="src\ToyRendererApp.cpp" />
    <ClCompile Include="src\importAPI\MeshLoader.cpp">
      <Filter>importAPI</Filter>
    </ClCompile>
    <ClCompile Include="src\log\Log.cpp">
      <Filter>log</Filter>
    </ClCompile>
    <ClCompile Include="src\managers\ResourceManager.cpp">
      <Filter>managers</Filter>
    </ClCompile>
    <ClCompile Include="src\managers\ShaderAssembly.cpp">
      <Filter>managers</Filter>
    </ClCompile>
    <ClCompile Include="src\managers\ShaderOven.cpp">
      <Filter>managers</Filter>
    </ClCompile>
    <ClCompile Include="src\managers\input\InputMaster.cpp">
      <Filter>managers\input</Filter>
    </ClCompile>
    <ClCompile Include="src\maths\Color.cpp">
      <Filter>maths</Filter>
    </ClCompile>
    <ClCompile Include="src\maths\Matrix4x4.cpp">
      <Filter>maths</Filter>
    </ClCompile>
    <ClCompile Include="src\maths\Vector2.cpp">
      <Filter>maths</Filter>
    </ClCompile>
    <ClCompile Include="src\maths\Vector3.cpp">
      <Filter>maths</Filter>
    </ClCompile>
    <ClCompile Include="src\maths\Vector4.cpp">
      <Filter>maths</Filter>
    </ClCompile>
    <ClCompile Include="src\rendering\Bounds.cpp">
      <Filter>rendering</Filter>
    </ClCompile>
    <ClCompile Include="src\rendering\FrameBuffer.cpp">
      <Filter>rendering</Filter>
    </ClCompile>
    <ClCompile Include="src\rendering\Graphics.cpp">
      <Filter>rendering</Filter>
    </ClCompile>
    <ClCompile Include="src\rendering\IndexBuffer.cpp">
      <Filter>rendering</Filter>
    </ClCompile>
    <ClCompile Include="src\rendering\Material.cpp">
      <Filter>rendering</Filter>
    </ClCompile>
    <ClCompile Include="src\rendering\Mesh\Mesh.cpp">
      <Filter>rendering\Mesh</Filter>
    </ClCompile>
    <ClCompile Include="src\rendering\Mesh\PrimitiveFactory.cpp">
      <Filter>rendering\Mesh</Filter>
    </ClCompile>
    <ClCompile Include="src\rendering\MeshRenderer.cpp">
      <Filter>rendering</Filter>
    </ClCompile>
    <ClCompile Include="src\rendering\RHI\RHI.cpp">
      <Filter>rendering\RHI</Filter>
    </ClCompile>
    <ClCompile Include="src\rendering\RawMesh.cpp">
      <Filter>rendering</Filter>
    </ClCompile>
    <ClCompile Include="src\rendering\RenderBuffer.cpp">
      <Filter>rendering</Filter>
    </ClCompile>
    <ClCompile Include="src\rendering\Renderer.cpp">
      <Filter>rendering</Filter>
    </ClCompile>
    <ClCompile Include="src\rendering\Shader.cpp">
      <Filter>rendering</Filter>
    </ClCompile>
    <ClCompile Include="src\rendering\Texture.cpp">
      <Filter>rendering</Filter>
    </ClCompile>
    <ClCompile Include="src\rendering\VertexArray.cpp">
      <Filter>rendering</Filter>
    </ClCompile>
    <ClCompile Include="src\rendering\VertexBuffer.cpp">
      <Filter>rendering</Filter>
    </ClCompile>
    <ClCompile Include="src\system\File.cpp">
      <Filter>system</Filter>
    </ClCompile>
    <ClCompile Include="src\system\Window.cpp">
      <Filter>system</Filter>
    </ClCompile>
    <ClCompile Include="src\vendor\glm\detail\glm.cpp">
      <Filter>vendor\glm\detail</Filter>
    </ClCompile>
    <ClCompile Include="src\vendor\imgui\imgui.cpp">
      <Filter>vendor\imgui</Filter>
    </ClCompile>
    <ClCompile Include="src\vendor\imgui\imgui_demo.cpp">
      <Filter>vendor\imgui</Filter>
    </ClCompile>
    <ClCompile Include="src\vendor\imgui\imgui_draw.cpp">
      <Filter>vendor\imgui</Filter>
    </ClCompile>
    <ClCompile Include="src\vendor\imgui\imgui_impl_glfw_gl3.cpp">
      <Filter>vendor\imgui</Filter>
    </ClCompile>
    <ClCompile Include="src\vendor\stb_image\stb_image.cpp">
      <Filter>vendor\stb_image</Filter>
    </ClCompile>
    <ClCompile Include="src\world\GameObject.cpp">
      <Filter>world</Filter>
    </ClCompile>
    <ClCompile Include="src\world\Scene.cpp">
      <Filter>world</Filter>
    </ClCompile>
    <ClCompile Include="src\world\Time.cpp">
      <Filter>world</Filter>
    </ClCompile>
  </ItemGroup>
</Project>